Microsoft Visual Studio Solution File, Format Version 12.00
# Visual Studio Version 17
VisualStudioVersion = 17.0.31611.283
MinimumVisualStudioVersion = 10.0.40219.1
Project("{9A19103F-16F7-4668-BE54-9A1E7A4F7556}") = "MauiThreeJS", "MauiThreeJS\MauiThreeJS.csproj", "{04EED5E4-F08B-4540-992D-ED401ABD4FE2}"
EndProject
Project("{9A19103F-16F7-4668-BE54-9A1E7A4F7556}") = "ThreeJSPanel", "ThreeJSPanel\ThreeJSPanel.csproj", "{978D493F-6CAC-443A-8004-4D2A6B9D7954}"
EndProject
Project("{FAE04EC0-301F-11D3-BF4B-00C04F79EFBC}") = "BlazorThreeJS", "BlazorThreeJS\BlazorThreeJS.csproj", "{3A3F4AC0-4C09-46F9-92F0-9FE60E963AB4}"
EndProject
Global
	GlobalSection(SolutionConfigurationPlatforms) = preSolution
		Debug|Any CPU = Debug|Any CPU
		Release|Any CPU = Release|Any CPU
	EndGlobalSection
	GlobalSection(ProjectConfigurationPlatforms) = postSolution
		{04EED5E4-F08B-4540-992D-ED401ABD4FE2}.Debug|Any CPU.ActiveCfg = Debug|Any CPU
		{04EED5E4-F08B-4540-992D-ED401ABD4FE2}.Debug|Any CPU.Build.0 = Debug|Any CPU
		{04EED5E4-F08B-4540-992D-ED401ABD4FE2}.Debug|Any CPU.Deploy.0 = Debug|Any CPU
		{04EED5E4-F08B-4540-992D-ED401ABD4FE2}.Release|Any CPU.ActiveCfg = Release|Any CPU
		{04EED5E4-F08B-4540-992D-ED401ABD4FE2}.Release|Any CPU.Build.0 = Release|Any CPU
		{04EED5E4-F08B-4540-992D-ED401ABD4FE2}.Release|Any CPU.Deploy.0 = Release|Any CPU
		{978D493F-6CAC-443A-8004-4D2A6B9D7954}.Debug|Any CPU.ActiveCfg = Debug|Any CPU
		{978D493F-6CAC-443A-8004-4D2A6B9D7954}.Debug|Any CPU.Build.0 = Debug|Any CPU
		{978D493F-6CAC-443A-8004-4D2A6B9D7954}.Release|Any CPU.ActiveCfg = Release|Any CPU
		{978D493F-6CAC-443A-8004-4D2A6B9D7954}.Release|Any CPU.Build.0 = Release|Any CPU
		{3A3F4AC0-4C09-46F9-92F0-9FE60E963AB4}.Debug|Any CPU.ActiveCfg = Debug|Any CPU
		{3A3F4AC0-4C09-46F9-92F0-9FE60E963AB4}.Debug|Any CPU.Build.0 = Debug|Any CPU
		{3A3F4AC0-4C09-46F9-92F0-9FE60E963AB4}.Release|Any CPU.ActiveCfg = Release|Any CPU
		{3A3F4AC0-4C09-46F9-92F0-9FE60E963AB4}.Release|Any CPU.Build.0 = Release|Any CPU
	EndGlobalSection
	GlobalSection(SolutionProperties) = preSolution
		HideSolutionNode = FALSE
	EndGlobalSection
	GlobalSection(ExtensibilityGlobals) = postSolution
		SolutionGuid = {61F7FB11-1E47-470C-91E2-47F8143E1572}
	EndGlobalSection
EndGlobal
